Microsoft Visual Studio Solution File, Format Version 11.00
# Visual Studio 2008

Project("{48F121E3-355F-EBBC-1DC2-9189A30BDC1D}") = "TeamOne_SurvivalGame_Final", "Assembly-CSharp-firstpass-vs.csproj", "{9BD8983B-2257-F63C-B6D1-B8C952FF4F0C}"
EndProject
Project("{48F121E3-355F-EBBC-1DC2-9189A30BDC1D}") = "TeamOne_SurvivalGame_Final", "Assembly-CSharp-vs.csproj", "{970BBE16-086D-AECD-4746-5D5B175A1E18}"
EndProject
Project("{48F121E3-355F-EBBC-1DC2-9189A30BDC1D}") = "TeamOne_SurvivalGame_Final", "Assembly-CSharp-Editor-vs.csproj", "{55C1AB44-DEB0-1D84-DF97-44EDF7AE2889}"
EndProject
Global
	GlobalSection(SolutionConfigurationPlatforms) = preSolution
		Debug|Any CPU = Debug|Any CPU
		Release|Any CPU = Release|Any CPU
	EndGlobalSection
	GlobalSection(ProjectConfigurationPlatforms) = postSolution
		{9BD8983B-2257-F63C-B6D1-B8C952FF4F0C}.Debug|Any CPU.ActiveCfg = Debug|Any CPU
		{9BD8983B-2257-F63C-B6D1-B8C952FF4F0C}.Debug|Any CPU.Build.0 = Debug|Any CPU
		{9BD8983B-2257-F63C-B6D1-B8C952FF4F0C}.Release|Any CPU.ActiveCfg = Release|Any CPU
		{9BD8983B-2257-F63C-B6D1-B8C952FF4F0C}.Release|Any CPU.Build.0 = Release|Any CPU
		{970BBE16-086D-AECD-4746-5D5B175A1E18}.Debug|Any CPU.ActiveCfg = Debug|Any CPU
		{970BBE16-086D-AECD-4746-5D5B175A1E18}.Debug|Any CPU.Build.0 = Debug|Any CPU
		{970BBE16-086D-AECD-4746-5D5B175A1E18}.Release|Any CPU.ActiveCfg = Release|Any CPU
		{970BBE16-086D-AECD-4746-5D5B175A1E18}.Release|Any CPU.Build.0 = Release|Any CPU
		{55C1AB44-DEB0-1D84-DF97-44EDF7AE2889}.Debug|Any CPU.ActiveCfg = Debug|Any CPU
		{55C1AB44-DEB0-1D84-DF97-44EDF7AE2889}.Debug|Any CPU.Build.0 = Debug|Any CPU
		{55C1AB44-DEB0-1D84-DF97-44EDF7AE2889}.Release|Any CPU.ActiveCfg = Release|Any CPU
		{55C1AB44-DEB0-1D84-DF97-44EDF7AE2889}.Release|Any CPU.Build.0 = Release|Any CPU
	EndGlobalSection
	GlobalSection(SolutionProperties) = preSolution
		HideSolutionNode = FALSE
	EndGlobalSection
																																GlobalSection(MonoDevelopProperties) = preSolution
		StartupItem = Assembly-CSharp.csproj
		Policies = $0
		$0.TextStylePolicy = $1
		$1.inheritsSet = null
		$1.scope = text/x-csharp
		$0.CSharpFormattingPolicy = $2
		$2.inheritsSet = Mono
		$2.inheritsScope = text/x-csharp
		$2.scope = text/x-csharp
		$0.TextStylePolicy = $3
		$3.FileWidth = 120
		$3.TabWidth = 4
		$3.EolMarker = Unix
		$3.inheritsSet = Mono
		$3.inheritsScope = text/plain
		$3.scope = text/plain
	EndGlobalSection

EndGlobal
